// !$*UTF8*$!
{
	archiveVersion = 1;
	classes = {
	};
	objectVersion = 50;
	objects = {

/* Begin PBXBuildFile section */
		74CB205C706B55C3AF482DDE /* Pods_CW.framework in Frameworks */ = {isa = PBXBuildFile; fileRef = 1BABA651A9EE53C4E4DF7756 /* Pods_CW.framework */; };
		9F54E959214B635B0016FEDF /* TblCell.swift in Sources */ = {isa = PBXBuildFile; fileRef = 9F54E958214B635B0016FEDF /* TblCell.swift */; };
		9F54E95B214B6A800016FEDF /* ImageExtension.swift in Sources */ = {isa = PBXBuildFile; fileRef = 9F54E95A214B6A800016FEDF /* ImageExtension.swift */; };
		9F54E95D214B73D10016FEDF /* EventDetailVC.swift in Sources */ = {isa = PBXBuildFile; fileRef = 9F54E95C214B73D10016FEDF /* EventDetailVC.swift */; };
		9F9F688D214A967800797B69 /* ObjectModal.swift in Sources */ = {isa = PBXBuildFile; fileRef = 9F9F688C214A967800797B69 /* ObjectModal.swift */; };
		9FCF9EFF214A91A300F3D670 /* AppDelegate.swift in Sources */ = {isa = PBXBuildFile; fileRef = 9FCF9EFE214A91A300F3D670 /* AppDelegate.swift */; };
		9FCF9F01214A91A300F3D670 /* ViewController.swift in Sources */ = {isa = PBXBuildFile; fileRef = 9FCF9F00214A91A300F3D670 /* ViewController.swift */; };
		9FCF9F04214A91A300F3D670 /* Main.storyboard in Resources */ = {isa = PBXBuildFile; fileRef = 9FCF9F02214A91A300F3D670 /* Main.storyboard */; };
		9FCF9F06214A91A500F3D670 /* Assets.xcassets in Resources */ = {isa = PBXBuildFile; fileRef = 9FCF9F05214A91A500F3D670 /* Assets.xcassets */; };
/* End PBXBuildFile section */

/* Begin PBXFileReference section */
		1BABA651A9EE53C4E4DF7756 /* Pods_CW.framework */ = {isa = PBXFileReference; explicitFileType = wrapper.framework; includeInIndex = 0; path = Pods_CW.framework; sourceTree = BUILT_PRODUCTS_DIR; };
		9F54E958214B635B0016FEDF /* TblCell.swift */ = {isa = PBXFileReference; lastKnownFileType = sourcecode.swift; path = TblCell.swift; sourceTree = "<group>"; };
		9F54E95A214B6A800016FEDF /* ImageExtension.swift */ = {isa = PBXFileReference; lastKnownFileType = sourcecode.swift; path = ImageExtension.swift; sourceTree = "<group>"; };
		9F54E95C214B73D10016FEDF /* EventDetailVC.swift */ = {isa = PBXFileReference; lastKnownFileType = sourcecode.swift; path = EventDetailVC.swift; sourceTree = "<group>"; };
		9F9F688C214A967800797B69 /* ObjectModal.swift */ = {isa = PBXFileReference; lastKnownFileType = sourcecode.swift; path = ObjectModal.swift; sourceTree = "<group>"; };
		9FCF9EFB214A91A300F3D670 /* CW.app */ = {isa = PBXFileReference; explicitFileType = wrapper.application; includeInIndex = 0; path = CW.app; sourceTree = BUILT_PRODUCTS_DIR; };
		9FCF9EFE214A91A300F3D670 /* AppDelegate.swift */ = {isa = PBXFileReference; lastKnownFileType = sourcecode.swift; path = AppDelegate.swift; sourceTree = "<group>"; };
		9FCF9F00214A91A300F3D670 /* ViewController.swift */ = {isa = PBXFileReference; lastKnownFileType = sourcecode.swift; path = ViewController.swift; sourceTree = "<group>"; };
		9FCF9F03214A91A300F3D670 /* Base */ = {isa = PBXFileReference; lastKnownFileType = file.storyboard; name = Base; path = Base.lproj/Main.storyboard; sourceTree = "<group>"; };
		9FCF9F05214A91A500F3D670 /* Assets.xcassets */ = {isa = PBXFileReference; lastKnownFileType = folder.assetcatalog; path = Assets.xcassets; sourceTree = "<group>"; };
		9FCF9F0A214A91A500F3D670 /* Info.plist */ = {isa = PBXFileReference; lastKnownFileType = text.plist.xml; path = Info.plist; sourceTree = "<group>"; };
		C80694B8D5CD7DF4749121AC /* Pods-CW.debug.xcconfig */ = {isa = PBXFileReference; includeInIndex = 1; lastKnownFileType = text.xcconfig; name = "Pods-CW.debug.xcconfig"; path = "Pods/Target Support Files/Pods-CW/Pods-CW.debug.xcconfig"; sourceTree = "<group>"; };
		DF4B4167F6DBE86B355904BC /* Pods-CW.release.xcconfig */ = {isa = PBXFileReference; includeInIndex = 1; lastKnownFileType = text.xcconfig; name = "Pods-CW.release.xcconfig"; path = "Pods/Target Support Files/Pods-CW/Pods-CW.release.xcconfig"; sourceTree = "<group>"; };
/* End PBXFileReference section */

/* Begin PBXFrameworksBuildPhase section */
		9FCF9EF8214A91A300F3D670 /* Frameworks */ = {
			isa = PBXFrameworksBuildPhase;
			buildActionMask = 2147483647;
			files = (
				74CB205C706B55C3AF482DDE /* Pods_CW.framework in Frameworks */,
			);
			runOnlyForDeploymentPostprocessing = 0;
		};
/* End PBXFrameworksBuildPhase section */

/* Begin PBXGroup section */
		7F6CB37D740DEA0D15E31B81 /* Pods */ = {
			isa = PBXGroup;
			children = (
				C80694B8D5CD7DF4749121AC /* Pods-CW.debug.xcconfig */,
				DF4B4167F6DBE86B355904BC /* Pods-CW.release.xcconfig */,
			);
			name = Pods;
			sourceTree = "<group>";
		};
		9FBB022D214E0A0300484941 /* Modal */ = {
			isa = PBXGroup;
			children = (
				9F9F688C214A967800797B69 /* ObjectModal.swift */,
			);
			path = Modal;
			sourceTree = "<group>";
		};
		9FBB022E214E0A1900484941 /* Extension */ = {
			isa = PBXGroup;
			children = (
				9F54E95A214B6A800016FEDF /* ImageExtension.swift */,
			);
			path = Extension;
			sourceTree = "<group>";
		};
		9FCF9EF2214A91A300F3D670 = {
			isa = PBXGroup;
			children = (
				9FCF9EFD214A91A300F3D670 /* CW */,
				9FCF9EFC214A91A300F3D670 /* Products */,
				7F6CB37D740DEA0D15E31B81 /* Pods */,
				E952D027FE6FB87EA443FAC5 /* Frameworks */,
			);
			sourceTree = "<group>";
		};
		9FCF9EFC214A91A300F3D670 /* Products */ = {
			isa = PBXGroup;
			children = (
				9FCF9EFB214A91A300F3D670 /* CW.app */,
			);
			name = Products;
			sourceTree = "<group>";
		};
		9FCF9EFD214A91A300F3D670 /* CW */ = {
			isa = PBXGroup;
			children = (
				9FBB022E214E0A1900484941 /* Extension */,
				9FBB022D214E0A0300484941 /* Modal */,
				9FCF9EFE214A91A300F3D670 /* AppDelegate.swift */,
				9FCF9F00214A91A300F3D670 /* ViewController.swift */,
				9F54E958214B635B0016FEDF /* TblCell.swift */,
				9F54E95C214B73D10016FEDF /* EventDetailVC.swift */,
				9FCF9F02214A91A300F3D670 /* Main.storyboard */,
				9FCF9F05214A91A500F3D670 /* Assets.xcassets */,
				9FCF9F0A214A91A500F3D670 /* Info.plist */,
			);
			path = CW;
			sourceTree = "<group>";
		};
		E952D027FE6FB87EA443FAC5 /* Frameworks */ = {
			isa = PBXGroup;
			children = (
				1BABA651A9EE53C4E4DF7756 /* Pods_CW.framework */,
			);
			name = Frameworks;
			sourceTree = "<group>";
		};
/* End PBXGroup section */

/* Begin PBXNativeTarget section */
		9FCF9EFA214A91A300F3D670 /* CW */ = {
			isa = PBXNativeTarget;
			buildConfigurationList = 9FCF9F0D214A91A500F3D670 /* Build configuration list for PBXNativeTarget "CW" */;
			buildPhases = (
				004A1890F984CF28E8F26B83 /* [CP] Check Pods Manifest.lock */,
				9FCF9EF7214A91A300F3D670 /* Sources */,
				9FCF9EF8214A91A300F3D670 /* Frameworks */,
				9FCF9EF9214A91A300F3D670 /* Resources */,
				FDFF4AB640D1E1C8293A8FA4 /* [CP] Embed Pods Frameworks */,
				C91EB409C941E1A7EDA6A6F6 /* [CP] Copy Pods Resources */,
			);
			buildRules = (
			);
			dependencies = (
			);
			name = CW;
			productName = CW;
			productReference = 9FCF9EFB214A91A300F3D670 /* CW.app */;
			productType = "com.apple.product-type.application";
		};
/* End PBXNativeTarget section */

/* Begin PBXProject section */
		9FCF9EF3214A91A300F3D670 /* Project object */ = {
			isa = PBXProject;
			attributes = {
				LastSwiftUpdateCheck = 1000;
				LastUpgradeCheck = 1000;
				ORGANIZATIONNAME = kiran;
				TargetAttributes = {
					9FCF9EFA214A91A300F3D670 = {
						CreatedOnToolsVersion = 10.0;
					};
				};
			};
			buildConfigurationList = 9FCF9EF6214A91A300F3D670 /* Build configuration list for PBXProject "CW" */;
			compatibilityVersion = "Xcode 9.3";
			developmentRegion = en;
			hasScannedForEncodings = 0;
			knownRegions = (
				en,
				Base,
			);
			mainGroup = 9FCF9EF2214A91A300F3D670;
			productRefGroup = 9FCF9EFC214A91A300F3D670 /* Products */;
			projectDirPath = "";
			projectRoot = "";
			targets = (
				9FCF9EFA214A91A300F3D670 /* CW */,
			);
		};
/* End PBXProject section */

/* Begin PBXResourcesBuildPhase section */
		9FCF9EF9214A91A300F3D670 /* Resources */ = {
			isa = PBXResourcesBuildPhase;
			buildActionMask = 2147483647;
			files = (
				9FCF9F06214A91A500F3D670 /* Assets.xcassets in Resources */,
				9FCF9F04214A91A300F3D670 /* Main.storyboard in Resources */,
			);
			runOnlyForDeploymentPostprocessing = 0;
		};
/* End PBXResourcesBuildPhase section */

/* Begin PBXShellScriptBuildPhase section */
		004A1890F984CF28E8F26B83 /* [CP] Check Pods Manifest.lock */ = {
			isa = PBXShellScriptBuildPhase;
			buildActionMask = 2147483647;
			files = (
			);
			inputPaths = (
				"${PODS_PODFILE_DIR_PATH}/Podfile.lock",
				"${PODS_ROOT}/Manifest.lock",
			);
			name = "[CP] Check Pods Manifest.lock";
			outputPaths = (
				"$(DERIVED_FILE_DIR)/Pods-CW-checkManifestLockResult.txt",
			);
			runOnlyForDeploymentPostprocessing = 0;
			shellPath = /bin/sh;
			shellScript = "diff \"${PODS_PODFILE_DIR_PATH}/Podfile.lock\" \"${PODS_ROOT}/Manifest.lock\" > /dev/null\nif [ $? != 0 ] ; then\n    # print error to STDERR\n    echo \"error: The sandbox is not in sync with the Podfile.lock. Run 'pod install' or update your CocoaPods installation.\" >&2\n    exit 1\nfi\n# This output is used by Xcode 'outputs' to avoid re-running this script phase.\necho \"SUCCESS\" > \"${SCRIPT_OUTPUT_FILE_0}\"\n";
			showEnvVarsInLog = 0;
		};
		C91EB409C941E1A7EDA6A6F6 /* [CP] Copy Pods Resources */ = {
			isa = PBXShellScriptBuildPhase;
			buildActionMask = 2147483647;
			files = (
			);
			inputPaths = (
				"${SRCROOT}/Pods/Target Support Files/Pods-CW/Pods-CW-resources.sh",
				"${PODS_ROOT}/GoogleMaps/Maps/Frameworks/GoogleMaps.framework/Resources/GoogleMaps.bundle",
			);
			name = "[CP] Copy Pods Resources";
			outputPaths = (
				"${TARGET_BUILD_DIR}/${UNLOCALIZED_RESOURCES_FOLDER_PATH}/GoogleMaps.bundle",
			);
			runOnlyForDeploymentPostprocessing = 0;
			shellPath = /bin/sh;
			shellScript = "\"${SRCROOT}/Pods/Target Support Files/Pods-CW/Pods-CW-resources.sh\"\n";
			showEnvVarsInLog = 0;
		};
		FDFF4AB640D1E1C8293A8FA4 /* [CP] Embed Pods Frameworks */ = {
			isa = PBXShellScriptBuildPhase;
			buildActionMask = 2147483647;
			files = (
			);
			inputPaths = (
				"${SRCROOT}/Pods/Target Support Files/Pods-CW/Pods-CW-frameworks.sh",
				"${BUILT_PRODUCTS_DIR}/Alamofire/Alamofire.framework",
			);
			name = "[CP] Embed Pods Frameworks";
			outputPaths = (
				"${TARGET_BUILD_DIR}/${FRAMEWORKS_FOLDER_PATH}/Alamofire.framework",
			);
			runOnlyForDeploymentPostprocessing = 0;
			shellPath = /bin/sh;
			shellScript = "\"${SRCROOT}/Pods/Target Support Files/Pods-CW/Pods-CW-frameworks.sh\"\n";
			showEnvVarsInLog = 0;
		};
/* End PBXShellScriptBuildPhase section */

/* Begin PBXSourcesBuildPhase section */
		9FCF9EF7214A91A300F3D670 /* Sources */ = {
			isa = PBXSourcesBuildPhase;
			buildActionMask = 2147483647;
			files = (
				9F54E95D214B73D10016FEDF /* EventDetailVC.swift in Sources */,
				9F9F688D214A967800797B69 /* ObjectModal.swift in Sources */,
				9FCF9F01214A91A300F3D670 /* ViewController.swift in Sources */,
				9F54E959214B635B0016FEDF /* TblCell.swift in Sources */,
				9F54E95B214B6A800016FEDF /* ImageExtension.swift in Sources */,
				9FCF9EFF214A91A300F3D670 /* AppDelegate.swift in Sources */,
			);
			runOnlyForDeploymentPostprocessing = 0;
		};
/* End PBXSourcesBuildPhase section */

/* Begin PBXVariantGroup section */
		9FCF9F02214A91A300F3D670 /* Main.storyboard */ = {
			isa = PBXVariantGroup;
			children = (
				9FCF9F03214A91A300F3D670 /* Base */,
			);
			name = Main.storyboard;
			sourceTree = "<group>";
		};
/* End PBXVariantGroup section */

/* Begin XCBuildConfiguration section */
		9FCF9F0B214A91A500F3D670 /* Debug */ = {
			isa = XCBuildConfiguration;
			buildSettings = {
				ALWAYS_SEARCH_USER_PATHS = NO;
				CLANG_ANALYZER_NONNULL = YES;
				CLANG_ANALYZER_NUMBER_OBJECT_CONVERSION = YES_AGGRESSIVE;
				CLANG_CXX_LANGUAGE_STANDARD = "gnu++14";
				CLANG_CXX_LIBRARY = "libc++";
				CLANG_ENABLE_MODULES = YES;
				CLANG_ENABLE_OBJC_ARC = YES;
				CLANG_ENABLE_OBJC_WEAK = YES;
				CLANG_WARN_BLOCK_CAPTURE_AUTORELEASING = YES;
				CLANG_WARN_BOOL_CONVERSION = YES;
				CLANG_WARN_COMMA = YES;
				CLANG_WARN_CONSTANT_CONVERSION = YES;
				CLANG_WARN_DEPRECATED_OBJC_IMPLEMENTATIONS = YES;
				CLANG_WARN_DIRECT_OBJC_ISA_USAGE = YES_ERROR;
				CLANG_WARN_DOCUMENTATION_COMMENTS = YES;
				CLANG_WARN_EMPTY_BODY = YES;
				CLANG_WARN_ENUM_CONVERSION = YES;
				CLANG_WARN_INFINITE_RECURSION = YES;
				CLANG_WARN_INT_CONVERSION = YES;
				CLANG_WARN_NON_LITERAL_NULL_CONVERSION = YES;
				CLANG_WARN_OBJC_IMPLICIT_RETAIN_SELF = YES;
				CLANG_WARN_OBJC_LITERAL_CONVERSION = YES;
				CLANG_WARN_OBJC_ROOT_CLASS = YES_ERROR;
				CLANG_WARN_RANGE_LOOP_ANALYSIS = YES;
				CLANG_WARN_STRICT_PROTOTYPES = YES;
				CLANG_WARN_SUSPICIOUS_MOVE = YES;
				CLANG_WARN_UNGUARDED_AVAILABILITY = YES_AGGRESSIVE;
				CLANG_WARN_UNREACHABLE_CODE = YES;
				CLANG_WARN__DUPLICATE_METHOD_MATCH = YES;
				CODE_SIGN_IDENTITY = "iPhone Developer";
				COPY_PHASE_STRIP = NO;
				DEBUG_INFORMATION_FORMAT = dwarf;
				ENABLE_STRICT_OBJC_MSGSEND = YES;
				ENABLE_TESTABILITY = YES;
				GCC_C_LANGUAGE_STANDARD = gnu11;
				GCC_DYNAMIC_NO_PIC = NO;
				GCC_NO_COMMON_BLOCKS = YES;
				GCC_OPTIMIZATION_LEVEL = 0;
				GCC_PREPROCESSOR_DEFINITIONS = (
					"DEBUG=1",
					"$(inherited)",
				);
				GCC_WARN_64_TO_32_BIT_CONVERSION = YES;
				GCC_WARN_ABOUT_RETURN_TYPE = YES_ERROR;
				GCC_WARN_UNDECLARED_SELECTOR = YES;
				GCC_WARN_UNINITIALIZED_AUTOS = YES_AGGRESSIVE;
				GCC_WARN_UNUSED_FUNCTION = YES;
				GCC_WARN_UNUSED_VARIABLE = YES;
				IPHONEOS_DEPLOYMENT_TARGET = 12.0;
				MTL_ENABLE_DEBUG_INFO = INCLUDE_SOURCE;
				ONLY_ACTIVE_ARCH = YES;
				SDKROOT = iphoneos;
				SWIFT_ACTIVE_COMPILATION_CONDITIONS = DEBUG;
				SWIFT_OPTIMIZATION_LEVEL = "-Onone";
			};
			name = Debug;
		};
		9FCF9F0C214A91A500F3D670 /* Release */ = {
			isa = XCBuildConfiguration;
			buildSettings = {
				ALWAYS_SEARCH_USER_PATHS = NO;
				CLANG_ANALYZER_NONNULL = YES;
				CLANG_ANALYZER_NUMBER_OBJECT_CONVERSION = YES_AGGRESSIVE;
				CLANG_CXX_LANGUAGE_STANDARD = "gnu++14";
				CLANG_CXX_LIBRARY = "libc++";
				CLANG_ENABLE_MODULES = YES;
				CLANG_ENABLE_OBJC_ARC = YES;
				CLANG_ENABLE_OBJC_WEAK = YES;
				CLANG_WARN_BLOCK_CAPTURE_AUTORELEASING = YES;
				CLANG_WARN_BOOL_CONVERSION = YES;
				CLANG_WARN_COMMA = YES;
				CLANG_WARN_CONSTANT_CONVERSION = YES;
				CLANG_WARN_DEPRECATED_OBJC_IMPLEMENTATIONS = YES;
				CLANG_WARN_DIRECT_OBJC_ISA_USAGE = YES_ERROR;
				CLANG_WARN_DOCUMENTATION_COMMENTS = YES;
				CLANG_WARN_EMPTY_BODY = YES;
				CLANG_WARN_ENUM_CONVERSION = YES;
				CLANG_WARN_INFINITE_RECURSION = YES;
				CLANG_WARN_INT_CONVERSION = YES;
				CLANG_WARN_NON_LITERAL_NULL_CONVERSION = YES;
				CLANG_WARN_OBJC_IMPLICIT_RETAIN_SELF = YES;
				CLANG_WARN_OBJC_LITERAL_CONVERSION = YES;
				CLANG_WARN_OBJC_ROOT_CLASS = YES_ERROR;
				CLANG_WARN_RANGE_LOOP_ANALYSIS = YES;
				CLANG_WARN_STRICT_PROTOTYPES = YES;
				CLANG_WARN_SUSPICIOUS_MOVE = YES;
				CLANG_WARN_UNGUARDED_AVAILABILITY = YES_AGGRESSIVE;
				CLANG_WARN_UNREACHABLE_CODE = YES;
				CLANG_WARN__DUPLICATE_METHOD_MATCH = YES;
				CODE_SIGN_IDENTITY = "iPhone Developer";
				COPY_PHASE_STRIP = NO;
				DEBUG_INFORMATION_FORMAT = "dwarf-with-dsym";
				ENABLE_NS_ASSERTIONS = NO;
				ENABLE_STRICT_OBJC_MSGSEND = YES;
				GCC_C_LANGUAGE_STANDARD = gnu11;
				GCC_NO_COMMON_BLOCKS = YES;
				GCC_WARN_64_TO_32_BIT_CONVERSION = YES;
				GCC_WARN_ABOUT_RETURN_TYPE = YES_ERROR;
				GCC_WARN_UNDECLARED_SELECTOR = YES;
				GCC_WARN_UNINITIALIZED_AUTOS = YES_AGGRESSIVE;
				GCC_WARN_UNUSED_FUNCTION = YES;
				GCC_WARN_UNUSED_VARIABLE = YES;
				IPHONEOS_DEPLOYMENT_TARGET = 12.0;
				MTL_ENABLE_DEBUG_INFO = NO;
				SDKROOT = iphoneos;
				SWIFT_COMPILATION_MODE = wholemodule;
				SWIFT_OPTIMIZATION_LEVEL = "-O";
				VALIDATE_PRODUCT = YES;
			};
			name = Release;
		};
		9FCF9F0E214A91A500F3D670 /* Debug */ = {
			isa = XCBuildConfiguration;
			baseConfigurationReference = C80694B8D5CD7DF4749121AC /* Pods-CW.debug.xcconfig */;
			buildSettings = {
				ASSETCATALOG_COMPILER_APPICON_NAME = AppIcon;
				CODE_SIGN_STYLE = Automatic;
				DEVELOPMENT_TEAM = N373WCYYY4;
				INFOPLIST_FILE = CW/Info.plist;
				LD_RUNPATH_SEARCH_PATHS = (
					"$(inherited)",
					"@executable_path/Frameworks",
				);
				PRODUCT_BUNDLE_IDENTIFIER = com.kiranrana.CW;
				PRODUCT_NAME = "$(TARGET_NAME)";
				SWIFT_VERSION = 4.2;
				TARGETED_DEVICE_FAMILY = "1,2";
			};
			name = Debug;
		};
		9FCF9F0F214A91A500F3D670 /* Release */ = {
			isa = XCBuildConfiguration;
			baseConfigurationReference = DF4B4167F6DBE86B355904BC /* Pods-CW.release.xcconfig */;
			buildSettings = {
				ASSETCATALOG_COMPILER_APPICON_NAME = AppIcon;
				CODE_SIGN_STYLE = Automatic;
				DEVELOPMENT_TEAM = N373WCYYY4;
				INFOPLIST_FILE = CW/Info.plist;
				LD_RUNPATH_SEARCH_PATHS = (
					"$(inherited)",
					"@executable_path/Frameworks",
				);
				PRODUCT_BUNDLE_IDENTIFIER = com.kiranrana.CW;
				PRODUCT_NAME = "$(TARGET_NAME)";
				SWIFT_VERSION = 4.2;
				TARGETED_DEVICE_FAMILY = "1,2";
			};
			name = Release;
		};
/* End XCBuildConfiguration section */

/* Begin XCConfigurationList section */
		9FCF9EF6214A91A300F3D670 /* Build configuration list for PBXProject "CW" */ = {
			isa = XCConfigurationList;
			buildConfigurations = (
				9FCF9F0B214A91A500F3D670 /* Debug */,
				9FCF9F0C214A91A500F3D670 /* Release */,
			);
			defaultConfigurationIsVisible = 0;
			defaultConfigurationName = Release;
		};
		9FCF9F0D214A91A500F3D670 /* Build configuration list for PBXNativeTarget "CW" */ = {
			isa = XCConfigurationList;
			buildConfigurations = (
				9FCF9F0E214A91A500F3D670 /* Debug */,
				9FCF9F0F214A91A500F3D670 /* Release */,
			);
			defaultConfigurationIsVisible = 0;
			defaultConfigurationName = Release;
		};
/* End XCConfigurationList section */
	};
	rootObject = 9FCF9EF3214A91A300F3D670 /* Project object */;
}
